// !$*UTF8*$!
{
	archiveVersion = 1;
	classes = {
	};
	objectVersion = 100;
	objects = {

/* Begin PBXBuildFile section */
		219B7784303D55A30070FBF5 /* app.icon in Resources */ = {isa = PBXBuildFile; fileRef = 219B7783303D55A30070FBF5 /* app.icon */; };
		E00000000000000000000001 /* main.swift in Sources */ = {isa = PBXBuildFile; fileRef = D00000000000000000000010 /* main.swift */; };
		E00000000000000000000002 /* AppDelegate.swift in Sources */ = {isa = PBXBuildFile; fileRef = D00000000000000000000011 /* AppDelegate.swift */; };
		E00000000000000000000003 /* ApplicationIcon.swift in Sources */ = {isa = PBXBuildFile; fileRef = D00000000000000000000012 /* ApplicationIcon.swift */; };
		E00000000000000000000004 /* DshState.swift in Sources */ = {isa = PBXBuildFile; fileRef = D00000000000000000000013 /* DshState.swift */; };
		E00000000000000000000005 /* NodeRuntime.swift in Sources */ = {isa = PBXBuildFile; fileRef = D00000000000000000000014 /* NodeRuntime.swift */; };
		E00000000000000000000006 /* DshSemanticVersion.swift in Sources */ = {isa = PBXBuildFile; fileRef = D00000000000000000000015 /* DshSemanticVersion.swift */; };
		E00000000000000000000007 /* DshService.swift in Sources */ = {isa = PBXBuildFile; fileRef = D00000000000000000000016 /* DshService.swift */; };
		E00000000000000000000008 /* DshVersionManager.swift in Sources */ = {isa = PBXBuildFile; fileRef = D00000000000000000000017 /* DshVersionManager.swift */; };
		E00000000000000000000009 /* DshPluginManager.swift in Sources */ = {isa = PBXBuildFile; fileRef = D00000000000000000000018 /* DshPluginManager.swift */; };
		E00000000000000000000010 /* NotificationManager.swift in Sources */ = {isa = PBXBuildFile; fileRef = D00000000000000000000019 /* NotificationManager.swift */; };
		E00000000000000000000011 /* DshBridgeHandler.swift in Sources */ = {isa = PBXBuildFile; fileRef = D00000000000000000000020 /* DshBridgeHandler.swift */; };
		E00000000000000000000012 /* AboutWindowController.swift in Sources */ = {isa = PBXBuildFile; fileRef = D00000000000000000000021 /* AboutWindowController.swift */; };
		E00000000000000000000013 /* MainWindowController.swift in Sources */ = {isa = PBXBuildFile; fileRef = D00000000000000000000022 /* MainWindowController.swift */; };
		E00000000000000000000014 /* SettingsViewModel.swift in Sources */ = {isa = PBXBuildFile; fileRef = D00000000000000000000023 /* SettingsViewModel.swift */; };
		E00000000000000000000015 /* VersionsTabView.swift in Sources */ = {isa = PBXBuildFile; fileRef = D00000000000000000000024 /* VersionsTabView.swift */; };
		E00000000000000000000016 /* PluginsTabView.swift in Sources */ = {isa = PBXBuildFile; fileRef = D00000000000000000000025 /* PluginsTabView.swift */; };
		E00000000000000000000017 /* GeneralTabView.swift in Sources */ = {isa = PBXBuildFile; fileRef = D00000000000000000000026 /* GeneralTabView.swift */; };
		E00000000000000000000018 /* AboutTabView.swift in Sources */ = {isa = PBXBuildFile; fileRef = D00000000000000000000027 /* AboutTabView.swift */; };
		E00000000000000000000019 /* SettingsView.swift in Sources */ = {isa = PBXBuildFile; fileRef = D00000000000000000000028 /* SettingsView.swift */; };
		E00000000000000000000020 /* SettingsWindowController.swift in Sources */ = {isa = PBXBuildFile; fileRef = D00000000000000000000029 /* SettingsWindowController.swift */; };
		E00000000000000000000021 /* AppKit.framework in Frameworks */ = {isa = PBXBuildFile; fileRef = D00000000000000000000030 /* AppKit.framework */; };
		E00000000000000000000022 /* WebKit.framework in Frameworks */ = {isa = PBXBuildFile; fileRef = D00000000000000000000031 /* WebKit.framework */; };
		E00000000000000000000023 /* SwiftUI.framework in Frameworks */ = {isa = PBXBuildFile; fileRef = D00000000000000000000032 /* SwiftUI.framework */; };
		E00000000000000000000024 /* UserNotifications.framework in Frameworks */ = {isa = PBXBuildFile; fileRef = D00000000000000000000033 /* UserNotifications.framework */; };
		E00000000000000000000025 /* AppUpdateManager.swift in Sources */ = {isa = PBXBuildFile; fileRef = D00000000000000000000045 /* AppUpdateManager.swift */; };
		E00000000000000000000026 /* Sparkle in Frameworks */ = {isa = PBXBuildFile; productRef = D00000000000000000000047 /* Sparkle */; };
		E00000000000000000000027 /* DshWebShell.swift in Sources */ = {isa = PBXBuildFile; fileRef = D00000000000000000000050 /* DshWebShell.swift */; };
		E00000000000000000000028 /* DshControlProtocol.swift in Sources */ = {isa = PBXBuildFile; fileRef = D00000000000000000000051 /* DshControlProtocol.swift */; };
		E00000000000000000000029 /* DshAccessController.swift in Sources */ = {isa = PBXBuildFile; fileRef = D00000000000000000000052 /* DshAccessController.swift */; };
		E00000000000000000000030 /* DshProcessIO.swift in Sources */ = {isa = PBXBuildFile; fileRef = D00000000000000000000053 /* DshProcessIO.swift */; };
		E00000000000000000000031 /* DshRendererCookieStore.swift in Sources */ = {isa = PBXBuildFile; fileRef = D00000000000000000000054 /* DshRendererCookieStore.swift */; };
		E00000000000000000000032 /* Security.framework in Frameworks */ = {isa = PBXBuildFile; fileRef = D00000000000000000000034 /* Security.framework */; };
		E00000000000000000000033 /* DshWebEndpoint.swift in Sources */ = {isa = PBXBuildFile; fileRef = D00000000000000000000055 /* DshWebEndpoint.swift */; };
		E00000000000000000000034 /* DshSecretRedactor.swift in Sources */ = {isa = PBXBuildFile; fileRef = D00000000000000000000056 /* DshSecretRedactor.swift */; };
		E00000000000000000000035 /* DshRuntimeHealthClient.swift in Sources */ = {isa = PBXBuildFile; fileRef = D00000000000000000000057 /* DshRuntimeHealthClient.swift */; };
		E00000000000000000000036 /* DshUpstreamCookieStore.swift in Sources */ = {isa = PBXBuildFile; fileRef = D00000000000000000000058 /* DshUpstreamCookieStore.swift */; };
		E00000000000000000000037 /* DshLaunchContext.swift in Sources */ = {isa = PBXBuildFile; fileRef = D00000000000000000000059 /* DshLaunchContext.swift */; };
		E00000000000000000000038 /* DshDiagnostic.swift in Sources */ = {isa = PBXBuildFile; fileRef = D00000000000000000000060 /* DshDiagnostic.swift */; };
		E00000000000000000000039 /* DshDiagnosticStore.swift in Sources */ = {isa = PBXBuildFile; fileRef = D00000000000000000000061 /* DshDiagnosticStore.swift */; };
		E00000000000000000000040 /* DshRecoveryState.swift in Sources */ = {isa = PBXBuildFile; fileRef = D00000000000000000000062 /* DshRecoveryState.swift */; };
		E00000000000000000000041 /* DshRecoveryProfileManager.swift in Sources */ = {isa = PBXBuildFile; fileRef = D00000000000000000000063 /* DshRecoveryProfileManager.swift */; };
		E00000000000000000000042 /* RecoveryViewModel.swift in Sources */ = {isa = PBXBuildFile; fileRef = D00000000000000000000064 /* RecoveryViewModel.swift */; };
		E00000000000000000000043 /* RecoveryView.swift in Sources */ = {isa = PBXBuildFile; fileRef = D00000000000000000000065 /* RecoveryView.swift */; };
		E00000000000000000000044 /* DshBridgeMessageValidator.swift in Sources */ = {isa = PBXBuildFile; fileRef = D00000000000000000000068 /* DshBridgeMessageValidator.swift */; };
		E00000000000000000000045 /* DshPluginInspector.swift in Sources */ = {isa = PBXBuildFile; fileRef = D00000000000000000000069 /* DshPluginInspector.swift */; };
		E00000000000000000000046 /* DshPluginOperationState.swift in Sources */ = {isa = PBXBuildFile; fileRef = D00000000000000000000070 /* DshPluginOperationState.swift */; };
		E00000000000000000000047 /* DshPluginOperationCoordinator.swift in Sources */ = {isa = PBXBuildFile; fileRef = D00000000000000000000071 /* DshPluginOperationCoordinator.swift */; };
		E00000000000000000000048 /* DshPluginFailureResolver.swift in Sources */ = {isa = PBXBuildFile; fileRef = D00000000000000000000072 /* DshPluginFailureResolver.swift */; };
		E00000000000000000000049 /* DshDiagnosticExporter.swift in Sources */ = {isa = PBXBuildFile; fileRef = D00000000000000000000073 /* DshDiagnosticExporter.swift */; };
		E00000000000000000000050 /* RecoveryWindowController.swift in Sources */ = {isa = PBXBuildFile; fileRef = D00000000000000000000074 /* RecoveryWindowController.swift */; };
		E00000000000000000000051 /* StartupView.swift in Sources */ = {isa = PBXBuildFile; fileRef = D00000000000000000000075 /* StartupView.swift */; };
		E00000000000000000000052 /* StartupWindowController.swift in Sources */ = {isa = PBXBuildFile; fileRef = D00000000000000000000076 /* StartupWindowController.swift */; };
/* End PBXBuildFile section */

/* Begin PBXFileReference section */
		219B7783303D55A30070FBF5 /* app.icon */ = {isa = PBXFileReference; lastKnownFileType = folder.iconcomposer.icon; path = app.icon; sourceTree = "<group>"; };
		D00000000000000000000008 /* DSH.app */ = {isa = PBXFileReference; explicitFileType = wrapper.application; includeInIndex = 0; path = DSH.app; sourceTree = BUILT_PRODUCTS_DIR; };
		D00000000000000000000009 /* Info.plist */ = {isa = PBXFileReference; lastKnownFileType = text.plist.xml; path = Info.plist; sourceTree = "<group>"; };
		D00000000000000000000010 /* main.swift */ = {isa = PBXFileReference; lastKnownFileType = sourcecode.swift; path = main.swift; sourceTree = "<group>"; };
		D00000000000000000000011 /* AppDelegate.swift */ = {isa = PBXFileReference; lastKnownFileType = sourcecode.swift; path = AppDelegate.swift; sourceTree = "<group>"; };
		D00000000000000000000012 /* ApplicationIcon.swift */ = {isa = PBXFileReference; lastKnownFileType = sourcecode.swift; path = ApplicationIcon.swift; sourceTree = "<group>"; };
		D00000000000000000000013 /* DshState.swift */ = {isa = PBXFileReference; lastKnownFileType = sourcecode.swift; path = DshState.swift; sourceTree = "<group>"; };
		D00000000000000000000014 /* NodeRuntime.swift */ = {isa = PBXFileReference; lastKnownFileType = sourcecode.swift; path = NodeRuntime.swift; sourceTree = "<group>"; };
		D00000000000000000000015 /* DshSemanticVersion.swift */ = {isa = PBXFileReference; lastKnownFileType = sourcecode.swift; path = DshSemanticVersion.swift; sourceTree = "<group>"; };
		D00000000000000000000016 /* DshService.swift */ = {isa = PBXFileReference; lastKnownFileType = sourcecode.swift; path = DshService.swift; sourceTree = "<group>"; };
		D00000000000000000000017 /* DshVersionManager.swift */ = {isa = PBXFileReference; lastKnownFileType = sourcecode.swift; path = DshVersionManager.swift; sourceTree = "<group>"; };
		D00000000000000000000018 /* DshPluginManager.swift */ = {isa = PBXFileReference; lastKnownFileType = sourcecode.swift; path = DshPluginManager.swift; sourceTree = "<group>"; };
		D00000000000000000000019 /* NotificationManager.swift */ = {isa = PBXFileReference; lastKnownFileType = sourcecode.swift; path = NotificationManager.swift; sourceTree = "<group>"; };
		D00000000000000000000020 /* DshBridgeHandler.swift */ = {isa = PBXFileReference; lastKnownFileType = sourcecode.swift; path = DshBridgeHandler.swift; sourceTree = "<group>"; };
		D00000000000000000000021 /* AboutWindowController.swift */ = {isa = PBXFileReference; lastKnownFileType = sourcecode.swift; path = AboutWindowController.swift; sourceTree = "<group>"; };
		D00000000000000000000022 /* MainWindowController.swift */ = {isa = PBXFileReference; lastKnownFileType = sourcecode.swift; path = MainWindowController.swift; sourceTree = "<group>"; };
		D00000000000000000000023 /* SettingsViewModel.swift */ = {isa = PBXFileReference; lastKnownFileType = sourcecode.swift; path = SettingsViewModel.swift; sourceTree = "<group>"; };
		D00000000000000000000024 /* VersionsTabView.swift */ = {isa = PBXFileReference; lastKnownFileType = sourcecode.swift; path = VersionsTabView.swift; sourceTree = "<group>"; };
		D00000000000000000000025 /* PluginsTabView.swift */ = {isa = PBXFileReference; lastKnownFileType = sourcecode.swift; path = PluginsTabView.swift; sourceTree = "<group>"; };
		D00000000000000000000026 /* GeneralTabView.swift */ = {isa = PBXFileReference; lastKnownFileType = sourcecode.swift; path = GeneralTabView.swift; sourceTree = "<group>"; };
		D00000000000000000000027 /* AboutTabView.swift */ = {isa = PBXFileReference; lastKnownFileType = sourcecode.swift; path = AboutTabView.swift; sourceTree = "<group>"; };
		D00000000000000000000028 /* SettingsView.swift */ = {isa = PBXFileReference; lastKnownFileType = sourcecode.swift; path = SettingsView.swift; sourceTree = "<group>"; };
		D00000000000000000000029 /* SettingsWindowController.swift */ = {isa = PBXFileReference; lastKnownFileType = sourcecode.swift; path = SettingsWindowController.swift; sourceTree = "<group>"; };
		D00000000000000000000030 /* AppKit.framework */ = {isa = PBXFileReference; lastKnownFileType = wrapper.framework; name = AppKit.framework; path = System/Library/Frameworks/AppKit.framework; sourceTree = SDKROOT; };
		D00000000000000000000031 /* WebKit.framework */ = {isa = PBXFileReference; lastKnownFileType = wrapper.framework; name = WebKit.framework; path = System/Library/Frameworks/WebKit.framework; sourceTree = SDKROOT; };
		D00000000000000000000032 /* SwiftUI.framework */ = {isa = PBXFileReference; lastKnownFileType = wrapper.framework; name = SwiftUI.framework; path = System/Library/Frameworks/SwiftUI.framework; sourceTree = SDKROOT; };
		D00000000000000000000033 /* UserNotifications.framework */ = {isa = PBXFileReference; lastKnownFileType = wrapper.framework; name = UserNotifications.framework; path = System/Library/Frameworks/UserNotifications.framework; sourceTree = SDKROOT; };
		D00000000000000000000034 /* Security.framework */ = {isa = PBXFileReference; lastKnownFileType = wrapper.framework; name = Security.framework; path = System/Library/Frameworks/Security.framework; sourceTree = SDKROOT; };
		D00000000000000000000044 /* Version.xcconfig */ = {isa = PBXFileReference; lastKnownFileType = text.xcconfig; path = Version.xcconfig; sourceTree = "<group>"; };
		D00000000000000000000045 /* AppUpdateManager.swift */ = {isa = PBXFileReference; lastKnownFileType = sourcecode.swift; path = AppUpdateManager.swift; sourceTree = "<group>"; };
		D00000000000000000000050 /* DshWebShell.swift */ = {isa = PBXFileReference; lastKnownFileType = sourcecode.swift; path = DshWebShell.swift; sourceTree = "<group>"; };
		D00000000000000000000051 /* DshControlProtocol.swift */ = {isa = PBXFileReference; lastKnownFileType = sourcecode.swift; path = DshControlProtocol.swift; sourceTree = "<group>"; };
		D00000000000000000000052 /* DshAccessController.swift */ = {isa = PBXFileReference; lastKnownFileType = sourcecode.swift; path = DshAccessController.swift; sourceTree = "<group>"; };
		D00000000000000000000053 /* DshProcessIO.swift */ = {isa = PBXFileReference; lastKnownFileType = sourcecode.swift; path = DshProcessIO.swift; sourceTree = "<group>"; };
		D00000000000000000000054 /* DshRendererCookieStore.swift */ = {isa = PBXFileReference; lastKnownFileType = sourcecode.swift; path = DshRendererCookieStore.swift; sourceTree = "<group>"; };
		D00000000000000000000055 /* DshWebEndpoint.swift */ = {isa = PBXFileReference; lastKnownFileType = sourcecode.swift; path = DshWebEndpoint.swift; sourceTree = "<group>"; };
		D00000000000000000000056 /* DshSecretRedactor.swift */ = {isa = PBXFileReference; lastKnownFileType = sourcecode.swift; path = DshSecretRedactor.swift; sourceTree = "<group>"; };
		D00000000000000000000057 /* DshRuntimeHealthClient.swift */ = {isa = PBXFileReference; lastKnownFileType = sourcecode.swift; path = DshRuntimeHealthClient.swift; sourceTree = "<group>"; };
		D00000000000000000000058 /* DshUpstreamCookieStore.swift */ = {isa = PBXFileReference; lastKnownFileType = sourcecode.swift; path = DshUpstreamCookieStore.swift; sourceTree = "<group>"; };
		D00000000000000000000059 /* DshLaunchContext.swift */ = {isa = PBXFileReference; lastKnownFileType = sourcecode.swift; path = DshLaunchContext.swift; sourceTree = "<group>"; };
		D00000000000000000000060 /* DshDiagnostic.swift */ = {isa = PBXFileReference; lastKnownFileType = sourcecode.swift; path = DshDiagnostic.swift; sourceTree = "<group>"; };
		D00000000000000000000061 /* DshDiagnosticStore.swift */ = {isa = PBXFileReference; lastKnownFileType = sourcecode.swift; path = DshDiagnosticStore.swift; sourceTree = "<group>"; };
		D00000000000000000000062 /* DshRecoveryState.swift */ = {isa = PBXFileReference; lastKnownFileType = sourcecode.swift; path = DshRecoveryState.swift; sourceTree = "<group>"; };
		D00000000000000000000063 /* DshRecoveryProfileManager.swift */ = {isa = PBXFileReference; lastKnownFileType = sourcecode.swift; path = DshRecoveryProfileManager.swift; sourceTree = "<group>"; };
		D00000000000000000000064 /* RecoveryViewModel.swift */ = {isa = PBXFileReference; lastKnownFileType = sourcecode.swift; path = RecoveryViewModel.swift; sourceTree = "<group>"; };
		D00000000000000000000065 /* RecoveryView.swift */ = {isa = PBXFileReference; lastKnownFileType = sourcecode.swift; path = RecoveryView.swift; sourceTree = "<group>"; };
		D00000000000000000000068 /* DshBridgeMessageValidator.swift */ = {isa = PBXFileReference; lastKnownFileType = sourcecode.swift; path = DshBridgeMessageValidator.swift; sourceTree = "<group>"; };
		D00000000000000000000069 /* DshPluginInspector.swift */ = {isa = PBXFileReference; lastKnownFileType = sourcecode.swift; path = DshPluginInspector.swift; sourceTree = "<group>"; };
		D00000000000000000000070 /* DshPluginOperationState.swift */ = {isa = PBXFileReference; lastKnownFileType = sourcecode.swift; path = DshPluginOperationState.swift; sourceTree = "<group>"; };
		D00000000000000000000071 /* DshPluginOperationCoordinator.swift */ = {isa = PBXFileReference; lastKnownFileType = sourcecode.swift; path = DshPluginOperationCoordinator.swift; sourceTree = "<group>"; };
		D00000000000000000000072 /* DshPluginFailureResolver.swift */ = {isa = PBXFileReference; lastKnownFileType = sourcecode.swift; path = DshPluginFailureResolver.swift; sourceTree = "<group>"; };
		D00000000000000000000073 /* DshDiagnosticExporter.swift */ = {isa = PBXFileReference; lastKnownFileType = sourcecode.swift; path = DshDiagnosticExporter.swift; sourceTree = "<group>"; };
		D00000000000000000000074 /* RecoveryWindowController.swift */ = {isa = PBXFileReference; lastKnownFileType = sourcecode.swift; path = RecoveryWindowController.swift; sourceTree = "<group>"; };
		D00000000000000000000075 /* StartupView.swift */ = {isa = PBXFileReference; lastKnownFileType = sourcecode.swift; path = StartupView.swift; sourceTree = "<group>"; };
		D00000000000000000000076 /* StartupWindowController.swift */ = {isa = PBXFileReference; lastKnownFileType = sourcecode.swift; path = StartupWindowController.swift; sourceTree = "<group>"; };
/* End PBXFileReference section */

/* Begin PBXFrameworksBuildPhase section */
		F00000000000000000000002 /* Frameworks */ = {
			isa = PBXFrameworksBuildPhase;
			files = (
				E00000000000000000000021 /* AppKit.framework in Frameworks */,
				E00000000000000000000022 /* WebKit.framework in Frameworks */,
				E00000000000000000000023 /* SwiftUI.framework in Frameworks */,
				E00000000000000000000024 /* UserNotifications.framework in Frameworks */,
				E00000000000000000000032 /* Security.framework in Frameworks */,
				E00000000000000000000026 /* Sparkle in Frameworks */,
			);
		};
/* End PBXFrameworksBuildPhase section */

/* Begin PBXGroup section */
		D00000000000000000000003 = {
			isa = PBXGroup;
			children = (
				219B7783303D55A30070FBF5 /* app.icon */,
				D00000000000000000000005 /* Sources */,
				D00000000000000000000009 /* Info.plist */,
				D00000000000000000000044 /* Version.xcconfig */,
				D00000000000000000000007 /* Frameworks */,
				D00000000000000000000004 /* Products */,
			);
			sourceTree = "<group>";
		};
		D00000000000000000000004 /* Products */ = {
			isa = PBXGroup;
			children = (
				D00000000000000000000008 /* DSH.app */,
			);
			name = Products;
			sourceTree = "<group>";
		};
		D00000000000000000000005 /* Sources */ = {
			isa = PBXGroup;
			children = (
				D00000000000000000000010 /* main.swift */,
				D00000000000000000000011 /* AppDelegate.swift */,
				D00000000000000000000012 /* ApplicationIcon.swift */,
				D00000000000000000000035 /* State */,
				D00000000000000000000066 /* Diagnostics */,
				D00000000000000000000036 /* Service */,
				D00000000000000000000067 /* Recovery */,
				D00000000000000000000077 /* Startup */,
				D00000000000000000000037 /* Versions */,
				D00000000000000000000038 /* Plugins */,
				D00000000000000000000039 /* Notification */,
				D00000000000000000000040 /* Bridge */,
				D00000000000000000000041 /* About */,
				D00000000000000000000042 /* MainWindow */,
				D00000000000000000000043 /* SettingsUI */,
				D00000000000000000000046 /* Updates */,
			);
			path = Sources;
			sourceTree = "<group>";
		};
		D00000000000000000000007 /* Frameworks */ = {
			isa = PBXGroup;
			children = (
				D00000000000000000000030 /* AppKit.framework */,
				D00000000000000000000031 /* WebKit.framework */,
				D00000000000000000000032 /* SwiftUI.framework */,
				D00000000000000000000033 /* UserNotifications.framework */,
				D00000000000000000000034 /* Security.framework */,
			);
			name = Frameworks;
			sourceTree = "<group>";
		};
		D00000000000000000000035 /* State */ = {
			isa = PBXGroup;
			children = (
				D00000000000000000000013 /* DshState.swift */,
			);
			path = State;
			sourceTree = "<group>";
		};
		D00000000000000000000036 /* Service */ = {
			isa = PBXGroup;
			children = (
				D00000000000000000000014 /* NodeRuntime.swift */,
				D00000000000000000000059 /* DshLaunchContext.swift */,
				D00000000000000000000016 /* DshService.swift */,
				D00000000000000000000051 /* DshControlProtocol.swift */,
				D00000000000000000000052 /* DshAccessController.swift */,
				D00000000000000000000055 /* DshWebEndpoint.swift */,
				D00000000000000000000056 /* DshSecretRedactor.swift */,
				D00000000000000000000057 /* DshRuntimeHealthClient.swift */,
				D00000000000000000000053 /* DshProcessIO.swift */,
			);
			path = Service;
			sourceTree = "<group>";
		};
		D00000000000000000000037 /* Versions */ = {
			isa = PBXGroup;
			children = (
				D00000000000000000000015 /* DshSemanticVersion.swift */,
				D00000000000000000000017 /* DshVersionManager.swift */,
			);
			path = Versions;
			sourceTree = "<group>";
		};
		D00000000000000000000038 /* Plugins */ = {
			isa = PBXGroup;
			children = (
				D00000000000000000000018 /* DshPluginManager.swift */,
				D00000000000000000000069 /* DshPluginInspector.swift */,
				D00000000000000000000070 /* DshPluginOperationState.swift */,
				D00000000000000000000071 /* DshPluginOperationCoordinator.swift */,
				D00000000000000000000072 /* DshPluginFailureResolver.swift */,
			);
			path = Plugins;
			sourceTree = "<group>";
		};
		D00000000000000000000039 /* Notification */ = {
			isa = PBXGroup;
			children = (
				D00000000000000000000019 /* NotificationManager.swift */,
			);
			path = Notification;
			sourceTree = "<group>";
		};
		D00000000000000000000040 /* Bridge */ = {
			isa = PBXGroup;
			children = (
				D00000000000000000000020 /* DshBridgeHandler.swift */,
				D00000000000000000000068 /* DshBridgeMessageValidator.swift */,
			);
			path = Bridge;
			sourceTree = "<group>";
		};
		D00000000000000000000041 /* About */ = {
			isa = PBXGroup;
			children = (
				D00000000000000000000021 /* AboutWindowController.swift */,
			);
			path = About;
			sourceTree = "<group>";
		};
		D00000000000000000000042 /* MainWindow */ = {
			isa = PBXGroup;
			children = (
				D00000000000000000000022 /* MainWindowController.swift */,
				D00000000000000000000050 /* DshWebShell.swift */,
				D00000000000000000000054 /* DshRendererCookieStore.swift */,
				D00000000000000000000058 /* DshUpstreamCookieStore.swift */,
			);
			path = MainWindow;
			sourceTree = "<group>";
		};
		D00000000000000000000043 /* SettingsUI */ = {
			isa = PBXGroup;
			children = (
				D00000000000000000000023 /* SettingsViewModel.swift */,
				D00000000000000000000024 /* VersionsTabView.swift */,
				D00000000000000000000025 /* PluginsTabView.swift */,
				D00000000000000000000026 /* GeneralTabView.swift */,
				D00000000000000000000027 /* AboutTabView.swift */,
				D00000000000000000000028 /* SettingsView.swift */,
				D00000000000000000000029 /* SettingsWindowController.swift */,
			);
			path = SettingsUI;
			sourceTree = "<group>";
		};
		D00000000000000000000046 /* Updates */ = {
			isa = PBXGroup;
			children = (
				D00000000000000000000045 /* AppUpdateManager.swift */,
			);
			path = Updates;
			sourceTree = "<group>";
		};
		D00000000000000000000066 /* Diagnostics */ = {
			isa = PBXGroup;
			children = (
				D00000000000000000000060 /* DshDiagnostic.swift */,
				D00000000000000000000061 /* DshDiagnosticStore.swift */,
				D00000000000000000000073 /* DshDiagnosticExporter.swift */,
			);
			path = Diagnostics;
			sourceTree = "<group>";
		};
		D00000000000000000000067 /* Recovery */ = {
			isa = PBXGroup;
			children = (
				D00000000000000000000062 /* DshRecoveryState.swift */,
				D00000000000000000000063 /* DshRecoveryProfileManager.swift */,
				D00000000000000000000064 /* RecoveryViewModel.swift */,
				D00000000000000000000065 /* RecoveryView.swift */,
				D00000000000000000000074 /* RecoveryWindowController.swift */,
			);
			path = Recovery;
			sourceTree = "<group>";
		};
		D00000000000000000000077 /* Startup */ = {
			isa = PBXGroup;
			children = (
				D00000000000000000000075 /* StartupView.swift */,
				D00000000000000000000076 /* StartupWindowController.swift */,
			);
			path = Startup;
			sourceTree = "<group>";
		};
/* End PBXGroup section */

/* Begin PBXNativeTarget section */
		D00000000000000000000002 /* DSH */ = {
			isa = PBXNativeTarget;
			buildConfigurationList = C00000000000000000000002 /* Build configuration list for PBXNativeTarget "DSH" */;
			buildPhases = (
				F00000000000000000000001 /* Sources */,
				F00000000000000000000002 /* Frameworks */,
				F00000000000000000000003 /* Resources */,
				F00000000000000000000004 /* Copy DSH runtime resources */,
			);
			buildRules = (
			);
			name = DSH;
			packageProductDependencies = (
				D00000000000000000000047 /* Sparkle */,
			);
			productName = DSH;
			productReference = D00000000000000000000008 /* DSH.app */;
			productType = "com.apple.product-type.application";
		};
/* End PBXNativeTarget section */

/* Begin PBXProject section */
		D00000000000000000000001 /* Project object */ = {
			isa = PBXProject;
			attributes = {
				BuildIndependentTargetsInParallel = 1;
				LastSwiftUpdateCheck = 2600;
				LastUpgradeCheck = 2660;
				ORGANIZATIONNAME = "Krystal Cao";
				TargetAttributes = {
					D00000000000000000000002 = {
						CreatedOnToolsVersion = 26.0;
						LastSwiftMigration = 2600;
					};
				};
			};
			buildConfigurationList = C00000000000000000000001 /* Build configuration list for PBXProject "DSH" */;
			developmentRegion = zh_CN;
			hasScannedForEncodings = 0;
			knownRegions = (
				en,
				zh_CN,
			);
			mainGroup = D00000000000000000000003;
			packageReferences = (
				D00000000000000000000048 /* XCRemoteSwiftPackageReference "Sparkle" */,
			);
			preferredProjectObjectVersion = 100;
			productRefGroup = D00000000000000000000004 /* Products */;
			projectDirPath = "";
			projectRoot = "";
			targets = (
				D00000000000000000000002 /* DSH */,
			);
		};
/* End PBXProject section */

/* Begin PBXResourcesBuildPhase section */
		F00000000000000000000003 /* Resources */ = {
			isa = PBXResourcesBuildPhase;
			files = (
				219B7784303D55A30070FBF5 /* app.icon in Resources */,
			);
		};
/* End PBXResourcesBuildPhase section */

/* Begin PBXShellScriptBuildPhase section */
		F00000000000000000000004 /* Copy DSH runtime resources */ = {
			isa = PBXShellScriptBuildPhase;
			alwaysOutOfDate = 1;
			name = "Copy DSH runtime resources";
			shellPath = /bin/bash;
			shellScript = (
				"set -euo pipefail",
				"SWIFT_ASSETS_DIR=\"${SRCROOT}/assets\"",
				"RESOURCES_DIR=\"${TARGET_BUILD_DIR}/${UNLOCALIZED_RESOURCES_FOLDER_PATH}\"",
				"mkdir -p \"${RESOURCES_DIR}/node/bin\" \"${RESOURCES_DIR}/assets/bin\"",
				"cp \"${SWIFT_ASSETS_DIR}/dsh-family.json\" \"${RESOURCES_DIR}/assets/dsh-family.json\"",
				"cp \"${SWIFT_ASSETS_DIR}/dsh-runtime-bootstrap.mjs\" \"${RESOURCES_DIR}/assets/dsh-runtime-bootstrap.mjs\"",
				"cp \"${SWIFT_ASSETS_DIR}/bin/pnpm\" \"${RESOURCES_DIR}/assets/bin/pnpm\"",
				"if [ -d \"${SWIFT_ASSETS_DIR}/node/bin\" ]; then",
				"\tcp -R \"${SWIFT_ASSETS_DIR}/node/bin/.\" \"${RESOURCES_DIR}/node/bin/\"",
				"fi",
				"if [ ! -f \"${SWIFT_ASSETS_DIR}/bin/pnpm-pkg/bin/pnpm.cjs\" ]; then",
				"\tbash \"${SRCROOT}/scripts/fetch-pnpm.sh\"",
				"fi",
				"cp -R \"${SWIFT_ASSETS_DIR}/bin/pnpm-pkg\" \"${RESOURCES_DIR}/assets/bin/\"",
				"if [ ! -d \"${SWIFT_ASSETS_DIR}/dsh-desktop-host\" ]; then",
				"\techo \"Swift bridge plugin is missing: ${SWIFT_ASSETS_DIR}/dsh-desktop-host\" >&2",
				"\texit 1",
				"fi",
				"cp -R \"${SWIFT_ASSETS_DIR}/dsh-desktop-host\" \"${RESOURCES_DIR}/assets/\"",
				"chmod +x \"${RESOURCES_DIR}/node/bin/node\" \"${RESOURCES_DIR}/assets/bin/pnpm\" 2>/dev/null || true",
				"",
			);
		};
/* End PBXShellScriptBuildPhase section */

/* Begin PBXSourcesBuildPhase section */
		F00000000000000000000001 /* Sources */ = {
			isa = PBXSourcesBuildPhase;
			files = (
				E00000000000000000000001 /* main.swift in Sources */,
				E00000000000000000000002 /* AppDelegate.swift in Sources */,
				E00000000000000000000003 /* ApplicationIcon.swift in Sources */,
				E00000000000000000000004 /* DshState.swift in Sources */,
				E00000000000000000000005 /* NodeRuntime.swift in Sources */,
				E00000000000000000000006 /* DshSemanticVersion.swift in Sources */,
				E00000000000000000000007 /* DshService.swift in Sources */,
				E00000000000000000000008 /* DshVersionManager.swift in Sources */,
				E00000000000000000000009 /* DshPluginManager.swift in Sources */,
				E00000000000000000000010 /* NotificationManager.swift in Sources */,
				E00000000000000000000011 /* DshBridgeHandler.swift in Sources */,
				E00000000000000000000012 /* AboutWindowController.swift in Sources */,
				E00000000000000000000013 /* MainWindowController.swift in Sources */,
				E00000000000000000000014 /* SettingsViewModel.swift in Sources */,
				E00000000000000000000015 /* VersionsTabView.swift in Sources */,
				E00000000000000000000016 /* PluginsTabView.swift in Sources */,
				E00000000000000000000017 /* GeneralTabView.swift in Sources */,
				E00000000000000000000018 /* AboutTabView.swift in Sources */,
				E00000000000000000000019 /* SettingsView.swift in Sources */,
				E00000000000000000000020 /* SettingsWindowController.swift in Sources */,
				E00000000000000000000025 /* AppUpdateManager.swift in Sources */,
				E00000000000000000000027 /* DshWebShell.swift in Sources */,
				E00000000000000000000028 /* DshControlProtocol.swift in Sources */,
				E00000000000000000000029 /* DshAccessController.swift in Sources */,
				E00000000000000000000033 /* DshWebEndpoint.swift in Sources */,
				E00000000000000000000034 /* DshSecretRedactor.swift in Sources */,
				E00000000000000000000035 /* DshRuntimeHealthClient.swift in Sources */,
				E00000000000000000000030 /* DshProcessIO.swift in Sources */,
				E00000000000000000000031 /* DshRendererCookieStore.swift in Sources */,
				E00000000000000000000036 /* DshUpstreamCookieStore.swift in Sources */,
				E00000000000000000000037 /* DshLaunchContext.swift in Sources */,
				E00000000000000000000038 /* DshDiagnostic.swift in Sources */,
				E00000000000000000000039 /* DshDiagnosticStore.swift in Sources */,
				E00000000000000000000040 /* DshRecoveryState.swift in Sources */,
				E00000000000000000000041 /* DshRecoveryProfileManager.swift in Sources */,
				E00000000000000000000042 /* RecoveryViewModel.swift in Sources */,
				E00000000000000000000043 /* RecoveryView.swift in Sources */,
				E00000000000000000000044 /* DshBridgeMessageValidator.swift in Sources */,
				E00000000000000000000045 /* DshPluginInspector.swift in Sources */,
				E00000000000000000000046 /* DshPluginOperationState.swift in Sources */,
				E00000000000000000000047 /* DshPluginOperationCoordinator.swift in Sources */,
				E00000000000000000000048 /* DshPluginFailureResolver.swift in Sources */,
				E00000000000000000000049 /* DshDiagnosticExporter.swift in Sources */,
				E00000000000000000000050 /* RecoveryWindowController.swift in Sources */,
				E00000000000000000000051 /* StartupView.swift in Sources */,
				E00000000000000000000052 /* StartupWindowController.swift in Sources */,
			);
		};
/* End PBXSourcesBuildPhase section */

/* Begin XCBuildConfiguration section */
		C00000000000000000000003 /* Debug configuration for PBXProject "DSH" */ = {
			isa = XCBuildConfiguration;
			buildSettings = {
				CLANG_ENABLE_MODULES = YES;
				MACOSX_DEPLOYMENT_TARGET = 26.0;
				SWIFT_VERSION = 5.0;
			};
			name = Debug;
		};
		C00000000000000000000004 /* Release configuration for PBXProject "DSH" */ = {
			isa = XCBuildConfiguration;
			buildSettings = {
				CLANG_ENABLE_MODULES = YES;
				MACOSX_DEPLOYMENT_TARGET = 26.0;
				SWIFT_OPTIMIZATION_LEVEL = "-O";
				SWIFT_VERSION = 5.0;
			};
			name = Release;
		};
		C00000000000000000000005 /* Debug configuration for PBXNativeTarget "DSH" */ = {
			isa = XCBuildConfiguration;
			baseConfigurationReference = D00000000000000000000044 /* Version.xcconfig */;
			buildSettings = {
				ASSETCATALOG_COMPILER_APPICON_NAME = app;
				ASSETCATALOG_COMPILER_INCLUDE_ALL_APPICON_ASSETS = NO;
				CODE_SIGNING_ALLOWED = NO;
				CODE_SIGNING_REQUIRED = NO;
				CODE_SIGN_IDENTITY = "-";
				ENABLE_HARDENED_RUNTIME = NO;
				GENERATE_INFOPLIST_FILE = NO;
				INFOPLIST_FILE = Info.plist;
				INFOPLIST_KEY_LSApplicationCategoryType = "public.app-category.utilities";
				LD_RUNPATH_SEARCH_PATHS = (
					"$(inherited)",
					"@executable_path/../Frameworks",
				);
				MACOSX_DEPLOYMENT_TARGET = 26.0;
				OTHER_SWIFT_FLAGS = "-parse-as-library";
				PRODUCT_BUNDLE_IDENTIFIER = "io.github.krystal-cao.dsh-swift-shell";
				PRODUCT_NAME = DSH;
				SWIFT_VERSION = 5.0;
			};
			name = Debug;
		};
		C00000000000000000000006 /* Release configuration for PBXNativeTarget "DSH" */ = {
			isa = XCBuildConfiguration;
			baseConfigurationReference = D00000000000000000000044 /* Version.xcconfig */;
			buildSettings = {
				ASSETCATALOG_COMPILER_APPICON_NAME = app;
				ASSETCATALOG_COMPILER_INCLUDE_ALL_APPICON_ASSETS = NO;
				CODE_SIGNING_ALLOWED = NO;
				CODE_SIGNING_REQUIRED = NO;
				CODE_SIGN_IDENTITY = "-";
				ENABLE_HARDENED_RUNTIME = NO;
				GENERATE_INFOPLIST_FILE = NO;
				INFOPLIST_FILE = Info.plist;
				INFOPLIST_KEY_LSApplicationCategoryType = "public.app-category.utilities";
				LD_RUNPATH_SEARCH_PATHS = (
					"$(inherited)",
					"@executable_path/../Frameworks",
				);
				MACOSX_DEPLOYMENT_TARGET = 26.0;
				OTHER_SWIFT_FLAGS = "-parse-as-library";
				PRODUCT_BUNDLE_IDENTIFIER = "io.github.krystal-cao.dsh-swift-shell";
				PRODUCT_NAME = DSH;
				SWIFT_OPTIMIZATION_LEVEL = "-O";
				SWIFT_VERSION = 5.0;
			};
			name = Release;
		};
/* End XCBuildConfiguration section */

/* Begin XCConfigurationList section */
		C00000000000000000000001 /* Build configuration list for PBXProject "DSH" */ = {
			isa = XCConfigurationList;
			buildConfigurations = (
				C00000000000000000000003 /* Debug configuration for PBXProject "DSH" */,
				C00000000000000000000004 /* Release configuration for PBXProject "DSH" */,
			);
			defaultConfigurationName = Release;
		};
		C00000000000000000000002 /* Build configuration list for PBXNativeTarget "DSH" */ = {
			isa = XCConfigurationList;
			buildConfigurations = (
				C00000000000000000000005 /* Debug configuration for PBXNativeTarget "DSH" */,
				C00000000000000000000006 /* Release configuration for PBXNativeTarget "DSH" */,
			);
			defaultConfigurationName = Release;
		};
/* End XCConfigurationList section */

/* Begin XCRemoteSwiftPackageReference section */
		D00000000000000000000048 /* XCRemoteSwiftPackageReference "Sparkle" */ = {
			isa = XCRemoteSwiftPackageReference;
			repositoryURL = "https://github.com/sparkle-project/Sparkle";
			requirement = {
				kind = upToNextMajorVersion;
				minimumVersion = 2.9.3;
			};
		};
/* End XCRemoteSwiftPackageReference section */

/* Begin XCSwiftPackageProductDependency section */
		D00000000000000000000047 /* Sparkle */ = {
			isa = XCSwiftPackageProductDependency;
			package = D00000000000000000000048 /* XCRemoteSwiftPackageReference "Sparkle" */;
			productName = Sparkle;
		};
/* End XCSwiftPackageProductDependency section */
	};
	rootObject = D00000000000000000000001 /* Project object */;
}
